// !$*UTF8*$!
{
	archiveVersion = 1;
	classes = {
	};
	objectVersion = 46;
	objects = {

/* Begin PBXBuildFile section */
		80489B2919649E9900362A45 /* Foundation.framework in Frameworks */ = {isa = PBXBuildFile; fileRef = 80489B2819649E9900362A45 /* Foundation.framework */; };
		80489B2B19649E9900362A45 /* CoreGraphics.framework in Frameworks */ = {isa = PBXBuildFile; fileRef = 80489B2A19649E9900362A45 /* CoreGraphics.framework */; };
		80489B2D19649E9900362A45 /* UIKit.framework in Frameworks */ = {isa = PBXBuildFile; fileRef = 80489B2C19649E9900362A45 /* UIKit.framework */; };
		80489B3319649E9900362A45 /* InfoPlist.strings in Resources */ = {isa = PBXBuildFile; fileRef = 80489B3119649E9900362A45 /* InfoPlist.strings */; };
		80489B3519649E9900362A45 /* main.m in Sources */ = {isa = PBXBuildFile; fileRef = 80489B3419649E9900362A45 /* main.m */; };
		80489B3919649E9900362A45 /* AppDelegate.m in Sources */ = {isa = PBXBuildFile; fileRef = 80489B3819649E9900362A45 /* AppDelegate.m */; };
		80489B3C19649E9900362A45 /* Main.storyboard in Resources */ = {isa = PBXBuildFile; fileRef = 80489B3A19649E9900362A45 /* Main.storyboard */; };
		80489B3F19649E9900362A45 /* ViewController.m in Sources */ = {isa = PBXBuildFile; fileRef = 80489B3E19649E9900362A45 /* ViewController.m */; };
		80489B4119649E9900362A45 /* Images.xcassets in Resources */ = {isa = PBXBuildFile; fileRef = 80489B4019649E9900362A45 /* Images.xcassets */; };
		80489B4819649E9900362A45 /* XCTest.framework in Frameworks */ = {isa = PBXBuildFile; fileRef = 80489B4719649E9900362A45 /* XCTest.framework */; };
		80489B4919649E9900362A45 /* Foundation.framework in Frameworks */ = {isa = PBXBuildFile; fileRef = 80489B2819649E9900362A45 /* Foundation.framework */; };
		80489B4A19649E9900362A45 /* UIKit.framework in Frameworks */ = {isa = PBXBuildFile; fileRef = 80489B2C19649E9900362A45 /* UIKit.framework */; };
		80489B5219649E9900362A45 /* InfoPlist.strings in Resources */ = {isa = PBXBuildFile; fileRef = 80489B5019649E9900362A45 /* InfoPlist.strings */; };
		80489B5419649E9900362A45 /* NissanPokerTests.m in Sources */ = {isa = PBXBuildFile; fileRef = 80489B5319649E9900362A45 /* NissanPokerTests.m */; };
/* End PBXBuildFile section */

/* Begin PBXContainerItemProxy section */
		80489B4B19649E9900362A45 /* PBXContainerItemProxy */ = {
			isa = PBXContainerItemProxy;
			containerPortal = 80489B1D19649E9900362A45 /* Project object */;
			proxyType = 1;
			remoteGlobalIDString = 80489B2419649E9900362A45;
			remoteInfo = NissanPoker;
		};
/* End PBXContainerItemProxy section */

/* Begin PBXFileReference section */
		80489B2519649E9900362A45 /* NissanPoker.app */ = {isa = PBXFileReference; explicitFileType = wrapper.application; includeInIndex = 0; path = NissanPoker.app; sourceTree = BUILT_PRODUCTS_DIR; };
		80489B2819649E9900362A45 /* Foundation.framework */ = {isa = PBXFileReference; lastKnownFileType = wrapper.framework; name = Foundation.framework; path = System/Library/Frameworks/Foundation.framework; sourceTree = SDKROOT; };
		80489B2A19649E9900362A45 /* CoreGraphics.framework */ = {isa = PBXFileReference; lastKnownFileType = wrapper.framework; name = CoreGraphics.framework; path = System/Library/Frameworks/CoreGraphics.framework; sourceTree = SDKROOT; };
		80489B2C19649E9900362A45 /* UIKit.framework */ = {isa = PBXFileReference; lastKnownFileType = wrapper.framework; name = UIKit.framework; path = System/Library/Frameworks/UIKit.framework; sourceTree = SDKROOT; };
		80489B3019649E9900362A45 /* NissanPoker-Info.plist */ = {isa = PBXFileReference; lastKnownFileType = text.plist.xml; path = "NissanPoker-Info.plist"; sourceTree = "<group>"; };
		80489B3219649E9900362A45 /* en */ = {isa = PBXFileReference; lastKnownFileType = text.plist.strings; name = en; path = en.lproj/InfoPlist.strings; sourceTree = "<group>"; };
		80489B3419649E9900362A45 /* main.m */ = {isa = PBXFileReference; lastKnownFileType = sourcecode.c.objc; path = main.m; sourceTree = "<group>"; };
		80489B3619649E9900362A45 /* NissanPoker-Prefix.pch */ = {isa = PBXFileReference; lastKnownFileType = sourcecode.c.h; path = "NissanPoker-Prefix.pch"; sourceTree = "<group>"; };
		80489B3719649E9900362A45 /* AppDelegate.h */ = {isa = PBXFileReference; lastKnownFileType = sourcecode.c.h; path = AppDelegate.h; sourceTree = "<group>"; };
		80489B3819649E9900362A45 /* AppDelegate.m */ = {isa = PBXFileReference; lastKnownFileType = sourcecode.c.objc; path = AppDelegate.m; sourceTree = "<group>"; };
		80489B3B19649E9900362A45 /* Base */ = {isa = PBXFileReference; lastKnownFileType = file.storyboard; name = Base; path = Base.lproj/Main.storyboard; sourceTree = "<group>"; };
		80489B3D19649E9900362A45 /* ViewController.h */ = {isa = PBXFileReference; lastKnownFileType = sourcecode.c.h; path = ViewController.h; sourceTree = "<group>"; };
		80489B3E19649E9900362A45 /* ViewController.m */ = {isa = PBXFileReference; lastKnownFileType = sourcecode.c.objc; path = ViewController.m; sourceTree = "<group>"; };
		80489B4019649E9900362A45 /* Images.xcassets */ = {isa = PBXFileReference; lastKnownFileType = folder.assetcatalog; path = Images.xcassets; sourceTree = "<group>"; };
		80489B4619649E9900362A45 /* NissanPokerTests.xctest */ = {isa = PBXFileReference; explicitFileType = wrapper.cfbundle; includeInIndex = 0; path = NissanPokerTests.xctest; sourceTree = BUILT_PRODUCTS_DIR; };
		80489B4719649E9900362A45 /* XCTest.framework */ = {isa = PBXFileReference; lastKnownFileType = wrapper.framework; name = XCTest.framework; path = Library/Frameworks/XCTest.framework; sourceTree = DEVELOPER_DIR; };
		80489B4F19649E9900362A45 /* NissanPokerTests-Info.plist */ = {isa = PBXFileReference; lastKnownFileType = text.plist.xml; path = "NissanPokerTests-Info.plist"; sourceTree = "<group>"; };
		80489B5119649E9900362A45 /* en */ = {isa = PBXFileReference; lastKnownFileType = text.plist.strings; name = en; path = en.lproj/InfoPlist.strings; sourceTree = "<group>"; };
		80489B5319649E9900362A45 /* NissanPokerTests.m */ = {isa = PBXFileReference; lastKnownFileType = sourcecode.c.objc; path = NissanPokerTests.m; sourceTree = "<group>"; };
/* End PBXFileReference section */

/* Begin PBXFrameworksBuildPhase section */
		80489B2219649E9900362A45 /* Frameworks */ = {
			isa = PBXFrameworksBuildPhase;
			buildActionMask = 2147483647;
			files = (
				80489B2B19649E9900362A45 /* CoreGraphics.framework in Frameworks */,
				80489B2D19649E9900362A45 /* UIKit.framework in Frameworks */,
				80489B2919649E9900362A45 /* Foundation.framework in Frameworks */,
			);
			runOnlyForDeploymentPostprocessing = 0;
		};
		80489B4319649E9900362A45 /* Frameworks */ = {
			isa = PBXFrameworksBuildPhase;
			buildActionMask = 2147483647;
			files = (
				80489B4819649E9900362A45 /* XCTest.framework in Frameworks */,
				80489B4A19649E9900362A45 /* UIKit.framework in Frameworks */,
				80489B4919649E9900362A45 /* Foundation.framework in Frameworks */,
			);
			runOnlyForDeploymentPostprocessing = 0;
		};
/* End PBXFrameworksBuildPhase section */

/* Begin PBXGroup section */
		80489B1C19649E9900362A45 = {
			isa = PBXGroup;
			children = (
				80489B2E19649E9900362A45 /* NissanPoker */,
				80489B4D19649E9900362A45 /* NissanPokerTests */,
				80489B2719649E9900362A45 /* Frameworks */,
				80489B2619649E9900362A45 /* Products */,
			);
			sourceTree = "<group>";
		};
		80489B2619649E9900362A45 /* Products */ = {
			isa = PBXGroup;
			children = (
				80489B2519649E9900362A45 /* NissanPoker.app */,
				80489B4619649E9900362A45 /* NissanPokerTests.xctest */,
			);
			name = Products;
			sourceTree = "<group>";
		};
		80489B2719649E9900362A45 /* Frameworks */ = {
			isa = PBXGroup;
			children = (
				80489B2819649E9900362A45 /* Foundation.framework */,
				80489B2A19649E9900362A45 /* CoreGraphics.framework */,
				80489B2C19649E9900362A45 /* UIKit.framework */,
				80489B4719649E9900362A45 /* XCTest.framework */,
			);
			name = Frameworks;
			sourceTree = "<group>";
		};
		80489B2E19649E9900362A45 /* NissanPoker */ = {
			isa = PBXGroup;
			children = (
				80489B3719649E9900362A45 /* AppDelegate.h */,
				80489B3819649E9900362A45 /* AppDelegate.m */,
				80489B3A19649E9900362A45 /* Main.storyboard */,
				80489B3D19649E9900362A45 /* ViewController.h */,
				80489B3E19649E9900362A45 /* ViewController.m */,
				80489B4019649E9900362A45 /* Images.xcassets */,
				80489B2F19649E9900362A45 /* Supporting Files */,
			);
			path = NissanPoker;
			sourceTree = "<group>";
		};
		80489B2F19649E9900362A45 /* Supporting Files */ = {
			isa = PBXGroup;
			children = (
				80489B3019649E9900362A45 /* NissanPoker-Info.plist */,
				80489B3119649E9900362A45 /* InfoPlist.strings */,
				80489B3419649E9900362A45 /* main.m */,
				80489B3619649E9900362A45 /* NissanPoker-Prefix.pch */,
			);
			name = "Supporting Files";
			sourceTree = "<group>";
		};
		80489B4D19649E9900362A45 /* NissanPokerTests */ = {
			isa = PBXGroup;
			children = (
				80489B5319649E9900362A45 /* NissanPokerTests.m */,
				80489B4E19649E9900362A45 /* Supporting Files */,
			);
			path = NissanPokerTests;
			sourceTree = "<group>";
		};
		80489B4E19649E9900362A45 /* Supporting Files */ = {
			isa = PBXGroup;
			children = (
				80489B4F19649E9900362A45 /* NissanPokerTests-Info.plist */,
				80489B5019649E9900362A45 /* InfoPlist.strings */,
			);
			name = "Supporting Files";
			sourceTree = "<group>";
		};
/* End PBXGroup section */

/* Begin PBXNativeTarget section */
		80489B2419649E9900362A45 /* NissanPoker */ = {
			isa = PBXNativeTarget;
			buildConfigurationList = 80489B5719649E9900362A45 /* Build configuration list for PBXNativeTarget "NissanPoker" */;
			buildPhases = (
				80489B2119649E9900362A45 /* Sources */,
				80489B2219649E9900362A45 /* Frameworks */,
				80489B2319649E9900362A45 /* Resources */,
			);
			buildRules = (
			);
			dependencies = (
			);
			name = NissanPoker;
			productName = NissanPoker;
			productReference = 80489B2519649E9900362A45 /* NissanPoker.app */;
			productType = "com.apple.product-type.application";
		};
		80489B4519649E9900362A45 /* NissanPokerTests */ = {
			isa = PBXNativeTarget;
			buildConfigurationList = 80489B5A19649E9900362A45 /* Build configuration list for PBXNativeTarget "NissanPokerTests" */;
			buildPhases = (
				80489B4219649E9900362A45 /* Sources */,
				80489B4319649E9900362A45 /* Frameworks */,
				80489B4419649E9900362A45 /* Resources */,
			);
			buildRules = (
			);
			dependencies = (
				80489B4C19649E9900362A45 /* PBXTargetDependency */,
			);
			name = NissanPokerTests;
			productName = NissanPokerTests;
			productReference = 80489B4619649E9900362A45 /* NissanPokerTests.xctest */;
			productType = "com.apple.product-type.bundle.unit-test";
		};
/* End PBXNativeTarget section */

/* Begin PBXProject section */
		80489B1D19649E9900362A45 /* Project object */ = {
			isa = PBXProject;
			attributes = {
				LastUpgradeCheck = 0510;
				ORGANIZATIONNAME = AppDelegates;
				TargetAttributes = {
					80489B4519649E9900362A45 = {
						TestTargetID = 80489B2419649E9900362A45;
					};
				};
			};
			buildConfigurationList = 80489B2019649E9900362A45 /* Build configuration list for PBXProject "NissanPoker" */;
			compatibilityVersion = "Xcode 3.2";
			developmentRegion = English;
			hasScannedForEncodings = 0;
			knownRegions = (
				en,
				Base,
			);
			mainGroup = 80489B1C19649E9900362A45;
			productRefGroup = 80489B2619649E9900362A45 /* Products */;
			projectDirPath = "";
			projectRoot = "";
			targets = (
				80489B2419649E9900362A45 /* NissanPoker */,
				80489B4519649E9900362A45 /* NissanPokerTests */,
			);
		};
/* End PBXProject section */

/* Begin PBXResourcesBuildPhase section */
		80489B2319649E9900362A45 /* Resources */ = {
			isa = PBXResourcesBuildPhase;
			buildActionMask = 2147483647;
			files = (
				80489B4119649E9900362A45 /* Images.xcassets in Resources */,
				80489B3319649E9900362A45 /* InfoPlist.strings in Resources */,
				80489B3C19649E9900362A45 /* Main.storyboard in Resources */,
			);
			runOnlyForDeploymentPostprocessing = 0;
		};
		80489B4419649E9900362A45 /* Resources */ = {
			isa = PBXResourcesBuildPhase;
			buildActionMask = 2147483647;
			files = (
				80489B5219649E9900362A45 /* InfoPlist.strings in Resources */,
			);
			runOnlyForDeploymentPostprocessing = 0;
		};
/* End PBXResourcesBuildPhase section */

/* Begin PBXSourcesBuildPhase section */
		80489B2119649E9900362A45 /* Sources */ = {
			isa = PBXSourcesBuildPhase;
			buildActionMask = 2147483647;
			files = (
				80489B3F19649E9900362A45 /* ViewController.m in Sources */,
				80489B3919649E9900362A45 /* AppDelegate.m in Sources */,
				80489B3519649E9900362A45 /* main.m in Sources */,
			);
			runOnlyForDeploymentPostprocessing = 0;
		};
		80489B4219649E9900362A45 /* Sources */ = {
			isa = PBXSourcesBuildPhase;
			buildActionMask = 2147483647;
			files = (
				80489B5419649E9900362A45 /* NissanPokerTests.m in Sources */,
			);
			runOnlyForDeploymentPostprocessing = 0;
		};
/* End PBXSourcesBuildPhase section */

/* Begin PBXTargetDependency section */
		80489B4C19649E9900362A45 /* PBXTargetDependency */ = {
			isa = PBXTargetDependency;
			target = 80489B2419649E9900362A45 /* NissanPoker */;
			targetProxy = 80489B4B19649E9900362A45 /* PBXContainerItemProxy */;
		};
/* End PBXTargetDependency section */

/* Begin PBXVariantGroup section */
		80489B3119649E9900362A45 /* InfoPlist.strings */ = {
			isa = PBXVariantGroup;
			children = (
				80489B3219649E9900362A45 /* en */,
			);
			name = InfoPlist.strings;
			sourceTree = "<group>";
		};
		80489B3A19649E9900362A45 /* Main.storyboard */ = {
			isa = PBXVariantGroup;
			children = (
				80489B3B19649E9900362A45 /* Base */,
			);
			name = Main.storyboard;
			sourceTree = "<group>";
		};
		80489B5019649E9900362A45 /* InfoPlist.strings */ = {
			isa = PBXVariantGroup;
			children = (
				80489B5119649E9900362A45 /* en */,
			);
			name = InfoPlist.strings;
			sourceTree = "<group>";
		};
/* End PBXVariantGroup section */

/* Begin XCBuildConfiguration section */
		80489B5519649E9900362A45 /* Debug */ = {
			isa = XCBuildConfiguration;
			buildSettings = {
				ALWAYS_SEARCH_USER_PATHS = NO;
				CLANG_CXX_LANGUAGE_STANDARD = "gnu++0x";
				CLANG_CXX_LIBRARY = "libc++";
				CLANG_ENABLE_MODULES = YES;
				CLANG_ENABLE_OBJC_ARC = YES;
				CLANG_WARN_BOOL_CONVERSION = YES;
				CLANG_WARN_CONSTANT_CONVERSION = YES;
				CLANG_WARN_DIRECT_OBJC_ISA_USAGE = YES_ERROR;
				CLANG_WARN_EMPTY_BODY = YES;
				CLANG_WARN_ENUM_CONVERSION = YES;
				CLANG_WARN_INT_CONVERSION = YES;
				CLANG_WARN_OBJC_ROOT_CLASS = YES_ERROR;
				CLANG_WARN__DUPLICATE_METHOD_MATCH = YES;
				"CODE_SIGN_IDENTITY[sdk=iphoneos*]" = "iPhone Developer";
				COPY_PHASE_STRIP = NO;
				GCC_C_LANGUAGE_STANDARD = gnu99;
				GCC_DYNAMIC_NO_PIC = NO;
				GCC_OPTIMIZATION_LEVEL = 0;
				GCC_PREPROCESSOR_DEFINITIONS = (
					"DEBUG=1",
					"$(inherited)",
				);
				GCC_SYMBOLS_PRIVATE_EXTERN = NO;
				GCC_WARN_64_TO_32_BIT_CONVERSION = YES;
				GCC_WARN_ABOUT_RETURN_TYPE = YES_ERROR;
				GCC_WARN_UNDECLARED_SELECTOR = YES;
				GCC_WARN_UNINITIALIZED_AUTOS = YES_AGGRESSIVE;
				GCC_WARN_UNUSED_FUNCTION = YES;
				GCC_WARN_UNUSED_VARIABLE = YES;
				IPHONEOS_DEPLOYMENT_TARGET = 7.1;
				ONLY_ACTIVE_ARCH = YES;
				SDKROOT = iphoneos;
				TARGETED_DEVICE_FAMILY = 2;
			};
			name = Debug;
		};
		80489B5619649E9900362A45 /* Release */ = {
			isa = XCBuildConfiguration;
			buildSettings = {
				ALWAYS_SEARCH_USER_PATHS = NO;
				CLANG_CXX_LANGUAGE_STANDARD = "gnu++0x";
				CLANG_CXX_LIBRARY = "libc++";
				CLANG_ENABLE_MODULES = YES;
				CLANG_ENABLE_OBJC_ARC = YES;
				CLANG_WARN_BOOL_CONVERSION = YES;
				CLANG_WARN_CONSTANT_CONVERSION = YES;
				CLANG_WARN_DIRECT_OBJC_ISA_USAGE = YES_ERROR;
				CLANG_WARN_EMPTY_BODY = YES;
				CLANG_WARN_ENUM_CONVERSION = YES;
				CLANG_WARN_INT_CONVERSION = YES;
				CLANG_WARN_OBJC_ROOT_CLASS = YES_ERROR;
				CLANG_WARN__DUPLICATE_METHOD_MATCH = YES;
				"CODE_SIGN_IDENTITY[sdk=iphoneos*]" = "iPhone Developer";
				COPY_PHASE_STRIP = YES;
				ENABLE_NS_ASSERTIONS = NO;
				GCC_C_LANGUAGE_STANDARD = gnu99;
				GCC_WARN_64_TO_32_BIT_CONVERSION = YES;
				GCC_WARN_ABOUT_RETURN_TYPE = YES_ERROR;
				GCC_WARN_UNDECLARED_SELECTOR = YES;
				GCC_WARN_UNINITIALIZED_AUTOS = YES_AGGRESSIVE;
				GCC_WARN_UNUSED_FUNCTION = YES;
				GCC_WARN_UNUSED_VARIABLE = YES;
				IPHONEOS_DEPLOYMENT_TARGET = 7.1;
				SDKROOT = iphoneos;
				TARGETED_DEVICE_FAMILY = 2;
				VALIDATE_PRODUCT = YES;
			};
			name = Release;
		};
		80489B5819649E9900362A45 /* Debug */ = {
			isa = XCBuildConfiguration;
			buildSettings = {
				ASSETCATALOG_COMPILER_APPICON_NAME = AppIcon;
				ASSETCATALOG_COMPILER_LAUNCHIMAGE_NAME = LaunchImage;
				GCC_PRECOMPILE_PREFIX_HEADER = YES;
				GCC_PREFIX_HEADER = "NissanPoker/NissanPoker-Prefix.pch";
				INFOPLIST_FILE = "NissanPoker/NissanPoker-Info.plist";
				PRODUCT_NAME = "$(TARGET_NAME)";
				WRAPPER_EXTENSION = app;
			};
			name = Debug;
		};
		80489B5919649E9900362A45 /* Release */ = {
			isa = XCBuildConfiguration;
			buildSettings = {
				ASSETCATALOG_COMPILER_APPICON_NAME = AppIcon;
				ASSETCATALOG_COMPILER_LAUNCHIMAGE_NAME = LaunchImage;
				GCC_PRECOMPILE_PREFIX_HEADER = YES;
				GCC_PREFIX_HEADER = "NissanPoker/NissanPoker-Prefix.pch";
				INFOPLIST_FILE = "NissanPoker/NissanPoker-Info.plist";
				PRODUCT_NAME = "$(TARGET_NAME)";
				WRAPPER_EXTENSION = app;
			};
			name = Release;
		};
		80489B5B19649E9900362A45 /* Debug */ = {
			isa = XCBuildConfiguration;
			buildSettings = {
				BUNDLE_LOADER = "$(BUILT_PRODUCTS_DIR)/NissanPoker.app/NissanPoker";
				FRAMEWORK_SEARCH_PATHS = (
					"$(SDKROOT)/Developer/Library/Frameworks",
					"$(inherited)",
					"$(DEVELOPER_FRAMEWORKS_DIR)",
				);
				GCC_PRECOMPILE_PREFIX_HEADER = YES;
				GCC_PREFIX_HEADER = "NissanPoker/NissanPoker-Prefix.pch";
				GCC_PREPROCESSOR_DEFINITIONS = (
					"DEBUG=1",
					"$(inherited)",
				);
				INFOPLIST_FILE = "NissanPokerTests/NissanPokerTests-Info.plist";
				PRODUCT_NAME = "$(TARGET_NAME)";
				TEST_HOST = "$(BUNDLE_LOADER)";
				WRAPPER_EXTENSION = xctest;
			};
			name = Debug;
		};
		80489B5C19649E9900362A45 /* Release */ = {
			isa = XCBuildConfiguration;
			buildSettings = {
				BUNDLE_LOADER = "$(BUILT_PRODUCTS_DIR)/NissanPoker.app/NissanPoker";
				FRAMEWORK_SEARCH_PATHS = (
					"$(SDKROOT)/Developer/Library/Frameworks",
					"$(inherited)",
					"$(DEVELOPER_FRAMEWORKS_DIR)",
				);
				GCC_PRECOMPILE_PREFIX_HEADER = YES;
				GCC_PREFIX_HEADER = "NissanPoker/NissanPoker-Prefix.pch";
				INFOPLIST_FILE = "NissanPokerTests/NissanPokerTests-Info.plist";
				PRODUCT_NAME = "$(TARGET_NAME)";
				TEST_HOST = "$(BUNDLE_LOADER)";
				WRAPPER_EXTENSION = xctest;
			};
			name = Release;
		};
/* End XCBuildConfiguration section */

/* Begin XCConfigurationList section */
		80489B2019649E9900362A45 /* Build configuration list for PBXProject "NissanPoker" */ = {
			isa = XCConfigurationList;
			buildConfigurations = (
				80489B5519649E9900362A45 /* Debug */,
				80489B5619649E9900362A45 /* Release */,
			);
			defaultConfigurationIsVisible = 0;
			defaultConfigurationName = Release;
		};
		80489B5719649E9900362A45 /* Build configuration list for PBXNativeTarget "NissanPoker" */ = {
			isa = XCConfigurationList;
			buildConfigurations = (
				80489B5819649E9900362A45 /* Debug */,
				80489B5919649E9900362A45 /* Release */,
			);
			defaultConfigurationIsVisible = 0;
		};
		80489B5A19649E9900362A45 /* Build configuration list for PBXNativeTarget "NissanPokerTests" */ = {
			isa = XCConfigurationList;
			buildConfigurations = (
				80489B5B19649E9900362A45 /* Debug */,
				80489B5C19649E9900362A45 /* Release */,
			);
			defaultConfigurationIsVisible = 0;
		};
/* End XCConfigurationList section */
	};
	rootObject = 80489B1D19649E9900362A45 /* Project object */;
}
